{
  "name": "quietplease",
  "version": "1.0.0",
  "lockfileVersion": 3,
  "requires": true,
  "packages": {
    "": {
      "name": "quietplease",
      "version": "1.0.0",
      "license": "ISC",
      "dependencies": {
        "express": "^4.18.2",
        "ws": "^8.13.0"
      }
    },
    "node_modules/accepts": {
      "version": "1.3.8",
      "resolved": "https://registry.npmjs.org/accepts/-/accepts-1.3.8.tgz",
      "integrity": "sha512-Pbo5Ms5p9JH8HsAaCJq68MDwYqfwciBm0VJwc9z5FYYXYiN2W2zHjFh2Cx3uYVjAOwF1PhhKXzwV86+7T9VnUA==",
      "dependencies": {
        "mime-types": "~2.1.34",
        "negotiator": "0.6.3"
      },
      "engines": {
        "node": ">= 0.6"
      }
    },
    "node_modules/base64id": {
      "version": "2.0.0",
      "resolved": "https://registry.npmjs.org/base64id/-/base64id-2.0.0.tgz",
      "integrity": "sha512-l5Dje5s6R2jBfnKbASwKq6EIgNVgSFeuVlqBDgkrYLA3YuS0QKXIxkRgjE0ch15xJpSRvGpwz4j2bFsKp3UuAQ==",
      "engines": {
        "node": ">= 10.0.0"
      }
    },
    "node_modules/body-parser": {
      "version": "1.20.1",
      "resolved": "https://registry.npmjs.org/body-parser/-/body-parser-1.20.1.tgz",
      "integrity": "sha512-jWi7A9dqhz8eDqswJPN0C6pJgReY/npPJLyHG7UXiEBZNi68yyV3pF2QX5LhocyJb9hYixYkZ7gCPCql8FqC5A==",
      "dependencies": {
        "bytes": "3.1.2",
        "content-type": "~1.0.4",
        "debug": "2.6.9",
        "depd": "~2.0.0",
        "destroy": "~1.2.0",
        "http-errors": "2.0.0",
        "iconv-lite": "0.4.24",
        "on-finished": "~2.4.1",
        "qs": "6.11.0",
        "raw-body": "2.5.1",
        "type-is": "~1.6.18",
        "unpipe": "~1.0.0"
      }
    },
    "node_modules/bytes": {
      "version": "3.1.2",
      "resolved": "https://registry.npmjs.org/bytes/-/bytes-3.1.2.tgz",
      "integrity": "sha512-/a6xfI1uWb6x3P0uDgu0tWlK46x48J0I+dSxPd0g2gZsPWMTd6sCPsUR2eVsqKRxFStwDUIpE98aYFdw7XCI2Q==",
      "engines": {
        "node": ">= 0.8"
      }
    },
    "node_modules/call-bind": {
      "version": "1.0.7",
      "resolved": "https://registry.npmjs.org/call-bind/-/call-bind-1.0.7.tgz",
      "integrity": "sha512-GIiICHY1zqzuQ76G3YkZXgVITQ8WEXpxy7bLS0ZgmVJwqBcF38vHD3ViVqneCEdFt7VSDj2gTxlRZQ/98c046g==",
      "dependencies": {
        "function-bind": "^1.1.1",
        "get-intrinsic": "^1.2.1",
        "set-function-length": "^1.1.1"
      }
    },
    "node_modules/content-disposition": {
      "version": "0.5.4",
      "resolved": "https://registry.npmjs.org/content-disposition/-/content-disposition-0.5.4.tgz",
      "integrity": "sha512-hK0k5TvwIE0f4Hy6azNVF2He4LZLqg4PxO1dj4Y8uQvYoYVCErEe4GM2FIMCYjf0MfjZfMSMsjDKqIbAb2a8Rw==",
      "dependencies": {
        "safe-buffer": "5.1.2"
      }
    },
    "node_modules/content-type": {
      "version": "1.0.5",
      "resolved": "https://registry.npmjs.org/content-type/-/content-type-1.0.5.tgz",
      "integrity": "sha512-jL8RzQZlYckPQR1TvkmGJ6ZU5+xA4dWFgEUu1P9n3rFjss5tilNkD61M/t9VlDs2JuUxTLMm9jWZJx8mC85fUg=="
    },
    "node_modules/cookie": {
      "version": "0.5.0",
      "resolved": "https://registry.npmjs.org/cookie/-/cookie-0.5.0.tgz",
      "integrity": "sha512-yx3JWXxn1W3o4NZ4MJDJyVxF4Z5qEUPcZQyRJL3VzFhsl1uI0NeFSpqchr3YkPHfyoXt8jjT6lG8milk3jJ7Nw==",
      "engines": {
        "node": ">= 0.6"
      }
    },
    "node_modules/debug": {
      "version": "2.6.9",
      "resolved": "https://registry.npmjs.org/debug/-/debug-2.6.9.tgz",
      "integrity": "sha512-bDZc6A3kVSBcO0dhemJpV7RnsZVfb/DK1Q5jAhPmEYO3RdaZ55o9uqEuRq1KYOimJvWZ0NrD6WXhT6yRqW4giw==",
      "dependencies": {
        "ms": "2.0.0"
      }
    },
    "node_modules/depd": {
      "version": "2.0.0",
      "resolved": "https://registry.npmjs.org/depd/-/depd-2.0.0.tgz",
      "integrity": "sha512-gj6MaXlA9pQ9PvHf35yHpxMHz7qpDdiMac60YwXnnoh9V1/7aHvbVZUARuNjWe9KqGk58NFnfmmFty/8K2bF8w==",
      "engines": {
        "node": ">= 0.8"
      }
    },

    "node_modules/express": {
      "version": "4.18.2",
      "resolved": "https://registry.npmjs.org/express/-/express-4.18.2.tgz",
      "integrity": "sha512-5/P/yhIjGN+5yG8Lw0z1x0teh9deHpe1ykyB9Xlc1PtyoN7x77cx1e4ur2jc1t8djcSpK/NwkxTSLwn32iYe0A==",
      "dependencies": {
        "accepts": "~1.3.8",
        "array-flatten": "1.1.1",
        "body-parser": "1.20.1",
        "content-disposition": "0.5.4",
        "content-type": "~1.0.4",
        "cookie": "0.5.0",
        "cookie-signature": "1.0.6",
        "debug": "2.6.9",
        "depd": "~2.0.0",
        "encodeurl": "~1.0.2",
        "escape-html": "1.0.3",
        "etag": "~1.8.1",
        "finalhandler": "1.2.0",
        "fresh": "0.5.2",
        "http-errors": "2.0.0",
        "merge-descriptors": "1.0.1",
        "methods": "~1.1.2",
        "on-finished": "~2.4.1",
        "parseurl": "~1.3.3",
        "path-to-regexp": "0.1.7",
        "proxy-addr": "~2.0.7",
        "qs": "6.11.0",
        "range-parser": "~1.2.1",
        "safe-buffer": "5.2.1",
        "send": "0.18.0",
        "serve-static": "1.15.0",
        "setprototypeof": "1.2.0",
        "statuses": "2.0.1",
        "type-is": "~1.6.18",
        "utils-merge": "1.0.1",
        "vary": "~1.1.2"
      }
    },

    "node_modules/ws": {
      "version": "8.13.0",
      "resolved": "https://registry.npmjs.org/ws/-/ws-8.13.0.tgz",
      "integrity": "sha512-4Gct/gexcAfrJXCT3KwTYfNypI+rI91FrGmh+o2HBjzNPsK7dpqbVJ7Bf7Hh4db3HnHBGLiHgLpv/+q1iWmL7Q==",
      "engines": {
        "node": ">=10.0.0"
      },
      "peerDependencies": {
        "bufferutil": "^4.0.1",
        "utf-8-validate": ">=5.0.2"
      },
      "peerDependenciesMeta": {
        "bufferutil": {
          "optional": true
        },
        "utf-8-validate": {
          "optional": true
        }
      }
    }
  }
}
